{
  "version": 4,
  "terraform_version": "1.10.5",
  "serial": 32,
  "lineage": "6d76f0e4-e198-6af0-351f-0fe4ad5f27df",
  "outputs": {
    "bastion": {
      "value": "10.4.1.40",
      "type": "string"
    },
    "bastion_nat": {
      "value": "84.201.181.109",
      "type": "string"
    },
    "elasticsearch-vm": {
      "value": "10.3.1.33",
      "type": "string"
    },
    "kibana": {
      "value": "10.4.1.7",
      "type": "string"
    },
    "kibana-nat": {
      "value": "51.250.41.101",
      "type": "string"
    },
    "load_balancer_pub": {
      "value": [
        {
          "address": "51.250.36.164"
        }
      ],
      "type": [
        "list",
        [
          "object",
          {
            "address": "string"
          }
        ]
      ]
    },
    "webserver-1": {
      "value": "10.1.1.10",
      "type": "string"
    },
    "webserver-2": {
      "value": "10.2.1.20",
      "type": "string"
    },
    "zabbix": {
      "value": "10.3.1.30",
      "type": "string"
    },
    "zabbix_nat": {
      "value": "130.193.46.75",
      "type": "string"
    }
  },
  "resources": [
    {
      "mode": "managed",
      "type": "yandex_alb_backend_group",
      "name": "backend-group",
      "provider": "provider[\"registry.terraform.io/yandex-cloud/yandex\"]",
      "instances": [
        {
          "schema_version": 0,
          "attributes": {
            "created_at": "2025-02-03T22:56:05Z",
            "description": "",
            "folder_id": "b1g7v0tu61510bbhav6e",
            "grpc_backend": [],
            "http_backend": [
              {
                "healthcheck": [
                  {
                    "grpc_healthcheck": [],
                    "healthcheck_port": 0,
                    "healthy_threshold": 10,
                    "http_healthcheck": [
                      {
                        "expected_statuses": null,
                        "host": "",
                        "http2": false,
                        "path": "/"
                      }
                    ],
                    "interval": "3s",
                    "interval_jitter_percent": 0,
                    "stream_healthcheck": [],
                    "timeout": "10s",
                    "unhealthy_threshold": 15
                  }
                ],
                "http2": false,
                "load_balancing_config": [
                  {
                    "locality_aware_routing_percent": 0,
                    "mode": "ROUND_ROBIN",
                    "panic_threshold": 90,
                    "strict_locality": false
                  }
                ],
                "name": "backend",
                "port": 80,
                "storage_bucket": "",
                "target_group_ids": [
                  "ds7oaj69g2ft5c4fkj8i"
                ],
                "tls": [],
                "weight": 1
              }
            ],
            "id": "ds77v65khq27dh3e1eru",
            "labels": null,
            "name": "backend-group",
            "session_affinity": [],
            "stream_backend": [],
            "timeouts": null
          },
          "sensitive_attributes": [],
          "private": "eyJlMmJmYjczMC1lY2FhLTExZTYtOGY4OC0zNDM2M2JjN2M0YzAiOnsiY3JlYXRlIjozMDAwMDAwMDAwMDAsImRlbGV0ZSI6MzAwMDAwMDAwMDAwLCJ1cGRhdGUiOjMwMDAwMDAwMDAwMH19",
          "dependencies": [
            "yandex_alb_target_group.tg-group",
            "yandex_compute_instance.web-vm-1",
            "yandex_compute_instance.web-vm-2",
            "yandex_vpc_gateway.nat_gateway",
            "yandex_vpc_network.network-diplom",
            "yandex_vpc_route_table.route_table",
            "yandex_vpc_security_group.filebeat-sg",
            "yandex_vpc_security_group.nginx-sg",
            "yandex_vpc_security_group.ssh-access-local",
            "yandex_vpc_subnet.private-1",
            "yandex_vpc_subnet.private-2"
          ]
        }
      ]
    },
    {
      "mode": "managed",
      "type": "yandex_alb_http_router",
      "name": "router",
      "provider": "provider[\"registry.terraform.io/yandex-cloud/yandex\"]",
      "instances": [
        {
          "schema_version": 0,
          "attributes": {
            "created_at": "2025-02-03T22:38:58Z",
            "description": "",
            "folder_id": "b1g7v0tu61510bbhav6e",
            "id": "ds7nfeneqtfekf3n5lct",
            "labels": {},
            "name": "router",
            "route_options": [],
            "timeouts": null
          },
          "sensitive_attributes": [],
          "private": "eyJlMmJmYjczMC1lY2FhLTExZTYtOGY4OC0zNDM2M2JjN2M0YzAiOnsiY3JlYXRlIjozMDAwMDAwMDAwMDAsImRlbGV0ZSI6MzAwMDAwMDAwMDAwLCJ1cGRhdGUiOjMwMDAwMDAwMDAwMH19"
        }
      ]
    },
    {
      "mode": "managed",
      "type": "yandex_alb_load_balancer",
      "name": "load-balancer",
      "provider": "provider[\"registry.terraform.io/yandex-cloud/yandex\"]",
      "instances": [
        {
          "schema_version": 0,
          "attributes": {
            "allocation_policy": [
              {
                "location": [
                  {
                    "disable_traffic": false,
                    "subnet_id": "e2lsevjnfs3hrk4rtaj9",
                    "zone_id": "ru-central1-b"
                  },
                  {
                    "disable_traffic": false,
                    "subnet_id": "e9b81ud1s29ok884l734",
                    "zone_id": "ru-central1-a"
                  }
                ]
              }
            ],
            "created_at": "2025-02-03T22:39:03Z",
            "description": "",
            "folder_id": "b1g7v0tu61510bbhav6e",
            "id": "ds7jo55gj3lj6qu8likd",
            "labels": {},
            "listener": [
              {
                "endpoint": [
                  {
                    "address": [
                      {
                        "external_ipv4_address": [
                          {
                            "address": "51.250.36.164"
                          }
                        ],
                        "external_ipv6_address": [],
                        "internal_ipv4_address": []
                      }
                    ],
                    "ports": [
                      80
                    ]
                  }
                ],
                "http": [
                  {
                    "handler": [
                      {
                        "allow_http10": false,
                        "http2_options": [],
                        "http_router_id": "ds7nfeneqtfekf3n5lct",
                        "rewrite_request_id": false
                      }
                    ],
                    "redirects": []
                  }
                ],
                "name": "listener-1",
                "stream": [],
                "tls": []
              }
            ],
            "log_group_id": "",
            "log_options": [],
            "name": "load-balancer",
            "network_id": "enp1vov9rq16geeaj8rl",
            "region_id": "",
            "security_group_ids": [
              "enp14m2i2ssp7vvro2l7"
            ],
            "status": "active",
            "timeouts": null
          },
          "sensitive_attributes": [],
          "private": "eyJlMmJmYjczMC1lY2FhLTExZTYtOGY4OC0zNDM2M2JjN2M0YzAiOnsiY3JlYXRlIjo2MDAwMDAwMDAwMDAsImRlbGV0ZSI6NjAwMDAwMDAwMDAwLCJ1cGRhdGUiOjYwMDAwMDAwMDAwMH19",
          "dependencies": [
            "yandex_alb_http_router.router",
            "yandex_vpc_gateway.nat_gateway",
            "yandex_vpc_network.network-diplom",
            "yandex_vpc_route_table.route_table",
            "yandex_vpc_security_group.balancer-sg",
            "yandex_vpc_subnet.private-1",
            "yandex_vpc_subnet.private-2"
          ]
        }
      ]
    },
    {
      "mode": "managed",
      "type": "yandex_alb_target_group",
      "name": "tg-group",
      "provider": "provider[\"registry.terraform.io/yandex-cloud/yandex\"]",
      "instances": [
        {
          "schema_version": 0,
          "attributes": {
            "created_at": "2025-02-03T22:56:05Z",
            "description": "",
            "folder_id": "b1g7v0tu61510bbhav6e",
            "id": "ds7oaj69g2ft5c4fkj8i",
            "labels": null,
            "name": "tg-group",
            "target": [
              {
                "ip_address": "10.1.1.10",
                "private_ipv4_address": false,
                "subnet_id": "e9b81ud1s29ok884l734"
              },
              {
                "ip_address": "10.2.1.20",
                "private_ipv4_address": false,
                "subnet_id": "e2lsevjnfs3hrk4rtaj9"
              }
            ],
            "timeouts": null
          },
          "sensitive_attributes": [],
          "private": "eyJlMmJmYjczMC1lY2FhLTExZTYtOGY4OC0zNDM2M2JjN2M0YzAiOnsiY3JlYXRlIjozMDAwMDAwMDAwMDAsImRlbGV0ZSI6MzAwMDAwMDAwMDAwLCJ1cGRhdGUiOjMwMDAwMDAwMDAwMH19",
          "dependencies": [
            "yandex_compute_instance.web-vm-1",
            "yandex_compute_instance.web-vm-2",
            "yandex_vpc_gateway.nat_gateway",
            "yandex_vpc_network.network-diplom",
            "yandex_vpc_route_table.route_table",
            "yandex_vpc_security_group.filebeat-sg",
            "yandex_vpc_security_group.nginx-sg",
            "yandex_vpc_security_group.ssh-access-local",
            "yandex_vpc_subnet.private-1",
            "yandex_vpc_subnet.private-2"
          ]
        }
      ]
    },
    {
      "mode": "managed",
      "type": "yandex_alb_virtual_host",
      "name": "router-host",
      "provider": "provider[\"registry.terraform.io/yandex-cloud/yandex\"]",
      "instances": [
        {
          "schema_version": 0,
          "attributes": {
            "authority": null,
            "http_router_id": "ds7nfeneqtfekf3n5lct",
            "id": "ds7nfeneqtfekf3n5lct/router-host",
            "modify_request_headers": [],
            "modify_response_headers": [],
            "name": "router-host",
            "rate_limit": [],
            "route": [
              {
                "grpc_route": [],
                "http_route": [
                  {
                    "direct_response_action": [],
                    "http_match": [
                      {
                        "http_method": null,
                        "path": [
                          {
                            "exact": "",
                            "prefix": "/",
                            "regex": ""
                          }
                        ]
                      }
                    ],
                    "http_route_action": [
                      {
                        "auto_host_rewrite": false,
                        "backend_group_id": "ds77v65khq27dh3e1eru",
                        "host_rewrite": "",
                        "idle_timeout": "",
                        "prefix_rewrite": "",
                        "rate_limit": [],
                        "timeout": "3s",
                        "upgrade_types": null
                      }
                    ],
                    "redirect_action": []
                  }
                ],
                "name": "route",
                "route_options": []
              }
            ],
            "route_options": [],
            "timeouts": null
          },
          "sensitive_attributes": [],
          "private": "eyJlMmJmYjczMC1lY2FhLTExZTYtOGY4OC0zNDM2M2JjN2M0YzAiOnsiY3JlYXRlIjozMDAwMDAwMDAwMDAsImRlbGV0ZSI6MzAwMDAwMDAwMDAwLCJ1cGRhdGUiOjMwMDAwMDAwMDAwMH19",
          "dependencies": [
            "yandex_alb_backend_group.backend-group",
            "yandex_alb_http_router.router",
            "yandex_alb_target_group.tg-group",
            "yandex_compute_instance.web-vm-1",
            "yandex_compute_instance.web-vm-2",
            "yandex_vpc_gateway.nat_gateway",
            "yandex_vpc_network.network-diplom",
            "yandex_vpc_route_table.route_table",
            "yandex_vpc_security_group.filebeat-sg",
            "yandex_vpc_security_group.nginx-sg",
            "yandex_vpc_security_group.ssh-access-local",
            "yandex_vpc_subnet.private-1",
            "yandex_vpc_subnet.private-2"
          ]
        }
      ]
    },
    {
      "mode": "managed",
      "type": "yandex_compute_instance",
      "name": "bastion-vm",
      "provider": "provider[\"registry.terraform.io/yandex-cloud/yandex\"]",
      "instances": [
        {
          "schema_version": 1,
          "attributes": {
            "allow_recreate": null,
            "allow_stopping_for_update": null,
            "boot_disk": [
              {
                "auto_delete": true,
                "device_name": "fv4374o0k77etf2spol1",
                "disk_id": "fv4374o0k77etf2spol1",
                "initialize_params": [
                  {
                    "block_size": 4096,
                    "description": "",
                    "image_id": "fd8vljd295nqdaoogf3g",
                    "kms_key_id": "",
                    "name": "",
                    "size": 10,
                    "snapshot_id": "",
                    "type": "network-hdd"
                  }
                ],
                "mode": "READ_WRITE"
              }
            ],
            "created_at": "2025-02-03T22:55:19Z",
            "description": "",
            "filesystem": [],
            "folder_id": "b1g7v0tu61510bbhav6e",
            "fqdn": "bastion-vm.ru-central1.internal",
            "gpu_cluster_id": "",
            "hardware_generation": [
              {
                "generation2_features": [],
                "legacy_features": [
                  {
                    "pci_topology": "PCI_TOPOLOGY_V1"
                  }
                ]
              }
            ],
            "hostname": "bastion-vm",
            "id": "fv4ak4elnqc6576beeib",
            "labels": null,
            "local_disk": [],
            "maintenance_grace_period": "",
            "maintenance_policy": null,
            "metadata": {
              "user-data": "#cloud-config\r\n\r\nusers:\r\n - name: gabber\r\n   groups: sudo\r\n   shell: /bin/bash\r\n   sudo: ['ALL=(ALL) NOPASSWD:ALL']\r\n   ssh-authorized-keys:\r\n     - ssh-ed25519 AAAAC3NzaC1lZDI1NTE5AAAAIKIrMXCerISbmDWK+Wg0LWRLkV8tb/9SYeciqIB1lmkV gabber@vm-fecac4ea\r\n"
            },
            "metadata_options": [
              {
                "aws_v1_http_endpoint": 1,
                "aws_v1_http_token": 2,
                "gce_http_endpoint": 1,
                "gce_http_token": 1
              }
            ],
            "name": "bastion-vm",
            "network_acceleration_type": "standard",
            "network_interface": [
              {
                "dns_record": [],
                "index": 0,
                "ip_address": "10.4.1.40",
                "ipv4": true,
                "ipv6": false,
                "ipv6_address": "",
                "ipv6_dns_record": [],
                "mac_address": "d0:0d:aa:11:d5:be",
                "nat": true,
                "nat_dns_record": [],
                "nat_ip_address": "84.201.181.109",
                "nat_ip_version": "IPV4",
                "security_group_ids": [
                  "enpdsdi938o0glhqicbm",
                  "enpvsidlqn8240394458"
                ],
                "subnet_id": "fl8cgfuanjl3v3898pll"
              }
            ],
            "placement_policy": [
              {
                "host_affinity_rules": [],
                "placement_group_id": "",
                "placement_group_partition": 0
              }
            ],
            "platform_id": "standard-v3",
            "resources": [
              {
                "core_fraction": 20,
                "cores": 2,
                "gpus": 0,
                "memory": 4
              }
            ],
            "scheduling_policy": [
              {
                "preemptible": false
              }
            ],
            "secondary_disk": [],
            "service_account_id": "",
            "status": "running",
            "timeouts": {
              "create": "10m",
              "delete": null,
              "update": null
            },
            "zone": "ru-central1-d"
          },
          "sensitive_attributes": [],
          "private": "eyJlMmJmYjczMC1lY2FhLTExZTYtOGY4OC0zNDM2M2JjN2M0YzAiOnsiY3JlYXRlIjo2MDAwMDAwMDAwMDAsImRlbGV0ZSI6MzAwMDAwMDAwMDAwLCJ1cGRhdGUiOjMwMDAwMDAwMDAwMH0sInNjaGVtYV92ZXJzaW9uIjoiMSJ9",
          "dependencies": [
            "yandex_vpc_network.network-diplom",
            "yandex_vpc_security_group.ssh-access",
            "yandex_vpc_security_group.ssh-access-local",
            "yandex_vpc_subnet.public-subnet"
          ]
        }
      ]
    },
    {
      "mode": "managed",
      "type": "yandex_compute_instance",
      "name": "elasticsearch-vm",
      "provider": "provider[\"registry.terraform.io/yandex-cloud/yandex\"]",
      "instances": [
        {
          "schema_version": 1,
          "attributes": {
            "allow_recreate": null,
            "allow_stopping_for_update": null,
            "boot_disk": [
              {
                "auto_delete": true,
                "device_name": "fv47krt69gmms8hdt6l3",
                "disk_id": "fv47krt69gmms8hdt6l3",
                "initialize_params": [
                  {
                    "block_size": 4096,
                    "description": "",
                    "image_id": "fd8vljd295nqdaoogf3g",
                    "kms_key_id": "",
                    "name": "",
                    "size": 10,
                    "snapshot_id": "",
                    "type": "network-hdd"
                  }
                ],
                "mode": "READ_WRITE"
              }
            ],
            "created_at": "2025-02-03T22:55:20Z",
            "description": "",
            "filesystem": [],
            "folder_id": "b1g7v0tu61510bbhav6e",
            "fqdn": "elasticsearch-vm.ru-central1.internal",
            "gpu_cluster_id": "",
            "hardware_generation": [
              {
                "generation2_features": [],
                "legacy_features": [
                  {
                    "pci_topology": "PCI_TOPOLOGY_V1"
                  }
                ]
              }
            ],
            "hostname": "elasticsearch-vm",
            "id": "fv44hlhigm53jo7fnve9",
            "labels": null,
            "local_disk": [],
            "maintenance_grace_period": "",
            "maintenance_policy": null,
            "metadata": {
              "user-data": "#cloud-config\r\n\r\nusers:\r\n - name: gabber\r\n   groups: sudo\r\n   shell: /bin/bash\r\n   sudo: ['ALL=(ALL) NOPASSWD:ALL']\r\n   ssh-authorized-keys:\r\n     - ssh-ed25519 AAAAC3NzaC1lZDI1NTE5AAAAIKIrMXCerISbmDWK+Wg0LWRLkV8tb/9SYeciqIB1lmkV gabber@vm-fecac4ea\r\n"
            },
            "metadata_options": [
              {
                "aws_v1_http_endpoint": 1,
                "aws_v1_http_token": 2,
                "gce_http_endpoint": 1,
                "gce_http_token": 1
              }
            ],
            "name": "elasticsearch-vm",
            "network_acceleration_type": "standard",
            "network_interface": [
              {
                "dns_record": [],
                "index": 0,
                "ip_address": "10.3.1.33",
                "ipv4": true,
                "ipv6": false,
                "ipv6_address": "",
                "ipv6_dns_record": [],
                "mac_address": "d0:0d:48:d6:32:85",
                "nat": false,
                "nat_dns_record": [],
                "nat_ip_address": "",
                "nat_ip_version": "",
                "security_group_ids": [
                  "enp193vtdrf0tlust3an",
                  "enp9uf2pke68g2md4qo2",
                  "enpdsdi938o0glhqicbm",
                  "enpf5ehn5hcqaste8pn5"
                ],
                "subnet_id": "fl8f9uhegslhven0n9v1"
              }
            ],
            "placement_policy": [
              {
                "host_affinity_rules": [],
                "placement_group_id": "",
                "placement_group_partition": 0
              }
            ],
            "platform_id": "standard-v3",
            "resources": [
              {
                "core_fraction": 20,
                "cores": 2,
                "gpus": 0,
                "memory": 4
              }
            ],
            "scheduling_policy": [
              {
                "preemptible": false
              }
            ],
            "secondary_disk": [],
            "service_account_id": "",
            "status": "running",
            "timeouts": {
              "create": "10m",
              "delete": null,
              "update": null
            },
            "zone": "ru-central1-d"
          },
          "sensitive_attributes": [],
          "private": "eyJlMmJmYjczMC1lY2FhLTExZTYtOGY4OC0zNDM2M2JjN2M0YzAiOnsiY3JlYXRlIjo2MDAwMDAwMDAwMDAsImRlbGV0ZSI6MzAwMDAwMDAwMDAwLCJ1cGRhdGUiOjMwMDAwMDAwMDAwMH0sInNjaGVtYV92ZXJzaW9uIjoiMSJ9",
          "dependencies": [
            "yandex_vpc_gateway.nat_gateway",
            "yandex_vpc_network.network-diplom",
            "yandex_vpc_route_table.route_table",
            "yandex_vpc_security_group.elasticsearch-sg",
            "yandex_vpc_security_group.filebeat-sg",
            "yandex_vpc_security_group.kibana-sg",
            "yandex_vpc_security_group.ssh-access-local",
            "yandex_vpc_subnet.private-3"
          ]
        }
      ]
    },
    {
      "mode": "managed",
      "type": "yandex_compute_instance",
      "name": "kibana-vm",
      "provider": "provider[\"registry.terraform.io/yandex-cloud/yandex\"]",
      "instances": [
        {
          "schema_version": 1,
          "attributes": {
            "allow_recreate": null,
            "allow_stopping_for_update": null,
            "boot_disk": [
              {
                "auto_delete": true,
                "device_name": "fv4d1isu15o11h9fajuv",
                "disk_id": "fv4d1isu15o11h9fajuv",
                "initialize_params": [
                  {
                    "block_size": 4096,
                    "description": "",
                    "image_id": "fd8vljd295nqdaoogf3g",
                    "kms_key_id": "",
                    "name": "",
                    "size": 10,
                    "snapshot_id": "",
                    "type": "network-hdd"
                  }
                ],
                "mode": "READ_WRITE"
              }
            ],
            "created_at": "2025-02-03T22:55:20Z",
            "description": "",
            "filesystem": [],
            "folder_id": "b1g7v0tu61510bbhav6e",
            "fqdn": "kibana-vm.ru-central1.internal",
            "gpu_cluster_id": "",
            "hardware_generation": [
              {
                "generation2_features": [],
                "legacy_features": [
                  {
                    "pci_topology": "PCI_TOPOLOGY_V1"
                  }
                ]
              }
            ],
            "hostname": "kibana-vm",
            "id": "fv4gulnaasjl5dp7s0r4",
            "labels": null,
            "local_disk": [],
            "maintenance_grace_period": "",
            "maintenance_policy": null,
            "metadata": {
              "user-data": "#cloud-config\r\n\r\nusers:\r\n - name: gabber\r\n   groups: sudo\r\n   shell: /bin/bash\r\n   sudo: ['ALL=(ALL) NOPASSWD:ALL']\r\n   ssh-authorized-keys:\r\n     - ssh-ed25519 AAAAC3NzaC1lZDI1NTE5AAAAIKIrMXCerISbmDWK+Wg0LWRLkV8tb/9SYeciqIB1lmkV gabber@vm-fecac4ea\r\n"
            },
            "metadata_options": [
              {
                "aws_v1_http_endpoint": 1,
                "aws_v1_http_token": 2,
                "gce_http_endpoint": 1,
                "gce_http_token": 1
              }
            ],
            "name": "kibana-vm",
            "network_acceleration_type": "standard",
            "network_interface": [
              {
                "dns_record": [],
                "index": 0,
                "ip_address": "10.4.1.7",
                "ipv4": true,
                "ipv6": false,
                "ipv6_address": "",
                "ipv6_dns_record": [],
                "mac_address": "d0:0d:10:f5:6e:a5",
                "nat": true,
                "nat_dns_record": [],
                "nat_ip_address": "51.250.41.101",
                "nat_ip_version": "IPV4",
                "security_group_ids": [
                  "enp193vtdrf0tlust3an",
                  "enp9uf2pke68g2md4qo2",
                  "enpdsdi938o0glhqicbm",
                  "enpf5ehn5hcqaste8pn5"
                ],
                "subnet_id": "fl8cgfuanjl3v3898pll"
              }
            ],
            "placement_policy": [
              {
                "host_affinity_rules": [],
                "placement_group_id": "",
                "placement_group_partition": 0
              }
            ],
            "platform_id": "standard-v3",
            "resources": [
              {
                "core_fraction": 20,
                "cores": 2,
                "gpus": 0,
                "memory": 4
              }
            ],
            "scheduling_policy": [
              {
                "preemptible": false
              }
            ],
            "secondary_disk": [],
            "service_account_id": "",
            "status": "running",
            "timeouts": {
              "create": "10m",
              "delete": null,
              "update": null
            },
            "zone": "ru-central1-d"
          },
          "sensitive_attributes": [],
          "private": "eyJlMmJmYjczMC1lY2FhLTExZTYtOGY4OC0zNDM2M2JjN2M0YzAiOnsiY3JlYXRlIjo2MDAwMDAwMDAwMDAsImRlbGV0ZSI6MzAwMDAwMDAwMDAwLCJ1cGRhdGUiOjMwMDAwMDAwMDAwMH0sInNjaGVtYV92ZXJzaW9uIjoiMSJ9",
          "dependencies": [
            "yandex_vpc_network.network-diplom",
            "yandex_vpc_security_group.elasticsearch-sg",
            "yandex_vpc_security_group.filebeat-sg",
            "yandex_vpc_security_group.kibana-sg",
            "yandex_vpc_security_group.ssh-access-local",
            "yandex_vpc_subnet.public-subnet"
          ]
        }
      ]
    },
    {
      "mode": "managed",
      "type": "yandex_compute_instance",
      "name": "web-vm-1",
      "provider": "provider[\"registry.terraform.io/yandex-cloud/yandex\"]",
      "instances": [
        {
          "schema_version": 1,
          "attributes": {
            "allow_recreate": null,
            "allow_stopping_for_update": null,
            "boot_disk": [
              {
                "auto_delete": true,
                "device_name": "fhm2q6uj7cint9jn8bi0",
                "disk_id": "fhm2q6uj7cint9jn8bi0",
                "initialize_params": [
                  {
                    "block_size": 4096,
                    "description": "",
                    "image_id": "fd8vljd295nqdaoogf3g",
                    "kms_key_id": "",
                    "name": "",
                    "size": 10,
                    "snapshot_id": "",
                    "type": "network-hdd"
                  }
                ],
                "mode": "READ_WRITE"
              }
            ],
            "created_at": "2025-02-03T22:55:20Z",
            "description": "",
            "filesystem": [],
            "folder_id": "b1g7v0tu61510bbhav6e",
            "fqdn": "web-vm-1.ru-central1.internal",
            "gpu_cluster_id": "",
            "hardware_generation": [
              {
                "generation2_features": [],
                "legacy_features": [
                  {
                    "pci_topology": "PCI_TOPOLOGY_V1"
                  }
                ]
              }
            ],
            "hostname": "web-vm-1",
            "id": "fhmqfgh3lcsmuodg6753",
            "labels": null,
            "local_disk": [],
            "maintenance_grace_period": "",
            "maintenance_policy": null,
            "metadata": {
              "user-data": "#cloud-config\r\n\r\nusers:\r\n - name: gabber\r\n   groups: sudo\r\n   shell: /bin/bash\r\n   sudo: ['ALL=(ALL) NOPASSWD:ALL']\r\n   ssh-authorized-keys:\r\n     - ssh-ed25519 AAAAC3NzaC1lZDI1NTE5AAAAIKIrMXCerISbmDWK+Wg0LWRLkV8tb/9SYeciqIB1lmkV gabber@vm-fecac4ea\r\n"
            },
            "metadata_options": [
              {
                "aws_v1_http_endpoint": 1,
                "aws_v1_http_token": 2,
                "gce_http_endpoint": 1,
                "gce_http_token": 1
              }
            ],
            "name": "web-vm-1",
            "network_acceleration_type": "standard",
            "network_interface": [
              {
                "dns_record": [],
                "index": 0,
                "ip_address": "10.1.1.10",
                "ipv4": true,
                "ipv6": false,
                "ipv6_address": "",
                "ipv6_dns_record": [],
                "mac_address": "d0:0d:1a:7c:22:3a",
                "nat": false,
                "nat_dns_record": [],
                "nat_ip_address": "",
                "nat_ip_version": "",
                "security_group_ids": [
                  "enp9uf2pke68g2md4qo2",
                  "enpdsdi938o0glhqicbm",
                  "enpjnop7k70n0do2afhu"
                ],
                "subnet_id": "e9b81ud1s29ok884l734"
              }
            ],
            "placement_policy": [
              {
                "host_affinity_rules": [],
                "placement_group_id": "",
                "placement_group_partition": 0
              }
            ],
            "platform_id": "standard-v1",
            "resources": [
              {
                "core_fraction": 20,
                "cores": 2,
                "gpus": 0,
                "memory": 4
              }
            ],
            "scheduling_policy": [
              {
                "preemptible": false
              }
            ],
            "secondary_disk": [],
            "service_account_id": "",
            "status": "running",
            "timeouts": null,
            "zone": "ru-central1-a"
          },
          "sensitive_attributes": [],
          "private": "eyJlMmJmYjczMC1lY2FhLTExZTYtOGY4OC0zNDM2M2JjN2M0YzAiOnsiY3JlYXRlIjozMDAwMDAwMDAwMDAsImRlbGV0ZSI6MzAwMDAwMDAwMDAwLCJ1cGRhdGUiOjMwMDAwMDAwMDAwMH0sInNjaGVtYV92ZXJzaW9uIjoiMSJ9",
          "dependencies": [
            "yandex_vpc_gateway.nat_gateway",
            "yandex_vpc_network.network-diplom",
            "yandex_vpc_route_table.route_table",
            "yandex_vpc_security_group.filebeat-sg",
            "yandex_vpc_security_group.nginx-sg",
            "yandex_vpc_security_group.ssh-access-local",
            "yandex_vpc_subnet.private-1"
          ]
        }
      ]
    },
    {
      "mode": "managed",
      "type": "yandex_compute_instance",
      "name": "web-vm-2",
      "provider": "provider[\"registry.terraform.io/yandex-cloud/yandex\"]",
      "instances": [
        {
          "schema_version": 1,
          "attributes": {
            "allow_recreate": null,
            "allow_stopping_for_update": null,
            "boot_disk": [
              {
                "auto_delete": true,
                "device_name": "epdqsv4u8emmf68t8fbv",
                "disk_id": "epdqsv4u8emmf68t8fbv",
                "initialize_params": [
                  {
                    "block_size": 4096,
                    "description": "",
                    "image_id": "fd8vljd295nqdaoogf3g",
                    "kms_key_id": "",
                    "name": "",
                    "size": 10,
                    "snapshot_id": "",
                    "type": "network-hdd"
                  }
                ],
                "mode": "READ_WRITE"
              }
            ],
            "created_at": "2025-02-03T22:55:20Z",
            "description": "",
            "filesystem": [],
            "folder_id": "b1g7v0tu61510bbhav6e",
            "fqdn": "web-vm-2.ru-central1.internal",
            "gpu_cluster_id": "",
            "hardware_generation": [
              {
                "generation2_features": [],
                "legacy_features": [
                  {
                    "pci_topology": "PCI_TOPOLOGY_V1"
                  }
                ]
              }
            ],
            "hostname": "web-vm-2",
            "id": "epdc5bg1qf1h8mdscdtf",
            "labels": null,
            "local_disk": [],
            "maintenance_grace_period": "",
            "maintenance_policy": null,
            "metadata": {
              "user-data": "#cloud-config\r\n\r\nusers:\r\n - name: gabber\r\n   groups: sudo\r\n   shell: /bin/bash\r\n   sudo: ['ALL=(ALL) NOPASSWD:ALL']\r\n   ssh-authorized-keys:\r\n     - ssh-ed25519 AAAAC3NzaC1lZDI1NTE5AAAAIKIrMXCerISbmDWK+Wg0LWRLkV8tb/9SYeciqIB1lmkV gabber@vm-fecac4ea\r\n"
            },
            "metadata_options": [
              {
                "aws_v1_http_endpoint": 1,
                "aws_v1_http_token": 2,
                "gce_http_endpoint": 1,
                "gce_http_token": 1
              }
            ],
            "name": "web-vm-2",
            "network_acceleration_type": "standard",
            "network_interface": [
              {
                "dns_record": [],
                "index": 0,
                "ip_address": "10.2.1.20",
                "ipv4": true,
                "ipv6": false,
                "ipv6_address": "",
                "ipv6_dns_record": [],
                "mac_address": "d0:0d:c2:ae:01:d3",
                "nat": false,
                "nat_dns_record": [],
                "nat_ip_address": "",
                "nat_ip_version": "",
                "security_group_ids": [
                  "enp9uf2pke68g2md4qo2",
                  "enpdsdi938o0glhqicbm",
                  "enpjnop7k70n0do2afhu"
                ],
                "subnet_id": "e2lsevjnfs3hrk4rtaj9"
              }
            ],
            "placement_policy": [
              {
                "host_affinity_rules": [],
                "placement_group_id": "",
                "placement_group_partition": 0
              }
            ],
            "platform_id": "standard-v1",
            "resources": [
              {
                "core_fraction": 20,
                "cores": 2,
                "gpus": 0,
                "memory": 4
              }
            ],
            "scheduling_policy": [
              {
                "preemptible": false
              }
            ],
            "secondary_disk": [],
            "service_account_id": "",
            "status": "running",
            "timeouts": {
              "create": "10m",
              "delete": null,
              "update": null
            },
            "zone": "ru-central1-b"
          },
          "sensitive_attributes": [],
          "private": "eyJlMmJmYjczMC1lY2FhLTExZTYtOGY4OC0zNDM2M2JjN2M0YzAiOnsiY3JlYXRlIjo2MDAwMDAwMDAwMDAsImRlbGV0ZSI6MzAwMDAwMDAwMDAwLCJ1cGRhdGUiOjMwMDAwMDAwMDAwMH0sInNjaGVtYV92ZXJzaW9uIjoiMSJ9",
          "dependencies": [
            "yandex_vpc_gateway.nat_gateway",
            "yandex_vpc_network.network-diplom",
            "yandex_vpc_route_table.route_table",
            "yandex_vpc_security_group.filebeat-sg",
            "yandex_vpc_security_group.nginx-sg",
            "yandex_vpc_security_group.ssh-access-local",
            "yandex_vpc_subnet.private-2"
          ]
        }
      ]
    },
    {
      "mode": "managed",
      "type": "yandex_compute_instance",
      "name": "zabbix-vm",
      "provider": "provider[\"registry.terraform.io/yandex-cloud/yandex\"]",
      "instances": [
        {
          "schema_version": 1,
          "attributes": {
            "allow_recreate": null,
            "allow_stopping_for_update": null,
            "boot_disk": [
              {
                "auto_delete": true,
                "device_name": "fv4pafaoh98a7ear37la",
                "disk_id": "fv4pafaoh98a7ear37la",
                "initialize_params": [
                  {
                    "block_size": 4096,
                    "description": "",
                    "image_id": "fd8vljd295nqdaoogf3g",
                    "kms_key_id": "",
                    "name": "",
                    "size": 10,
                    "snapshot_id": "",
                    "type": "network-hdd"
                  }
                ],
                "mode": "READ_WRITE"
              }
            ],
            "created_at": "2025-02-03T22:55:20Z",
            "description": "",
            "filesystem": [],
            "folder_id": "b1g7v0tu61510bbhav6e",
            "fqdn": "zabbix-vm.ru-central1.internal",
            "gpu_cluster_id": "",
            "hardware_generation": [
              {
                "generation2_features": [],
                "legacy_features": [
                  {
                    "pci_topology": "PCI_TOPOLOGY_V1"
                  }
                ]
              }
            ],
            "hostname": "zabbix-vm",
            "id": "fv47bca2q1hdgdb3rn4v",
            "labels": null,
            "local_disk": [],
            "maintenance_grace_period": "",
            "maintenance_policy": null,
            "metadata": {
              "user-data": "#cloud-config\r\n\r\nusers:\r\n - name: gabber\r\n   groups: sudo\r\n   shell: /bin/bash\r\n   sudo: ['ALL=(ALL) NOPASSWD:ALL']\r\n   ssh-authorized-keys:\r\n     - ssh-ed25519 AAAAC3NzaC1lZDI1NTE5AAAAIKIrMXCerISbmDWK+Wg0LWRLkV8tb/9SYeciqIB1lmkV gabber@vm-fecac4ea\r\n"
            },
            "metadata_options": [
              {
                "aws_v1_http_endpoint": 1,
                "aws_v1_http_token": 2,
                "gce_http_endpoint": 1,
                "gce_http_token": 1
              }
            ],
            "name": "zabbix-vm",
            "network_acceleration_type": "standard",
            "network_interface": [
              {
                "dns_record": [],
                "index": 0,
                "ip_address": "10.3.1.30",
                "ipv4": true,
                "ipv6": false,
                "ipv6_address": "",
                "ipv6_dns_record": [],
                "mac_address": "d0:0d:75:b1:42:d0",
                "nat": true,
                "nat_dns_record": [],
                "nat_ip_address": "130.193.46.75",
                "nat_ip_version": "IPV4",
                "security_group_ids": [
                  "enpcao05007qlq28ob8m",
                  "enpdsdi938o0glhqicbm"
                ],
                "subnet_id": "fl8f9uhegslhven0n9v1"
              }
            ],
            "placement_policy": [
              {
                "host_affinity_rules": [],
                "placement_group_id": "",
                "placement_group_partition": 0
              }
            ],
            "platform_id": "standard-v3",
            "resources": [
              {
                "core_fraction": 20,
                "cores": 4,
                "gpus": 0,
                "memory": 4
              }
            ],
            "scheduling_policy": [
              {
                "preemptible": false
              }
            ],
            "secondary_disk": [],
            "service_account_id": "",
            "status": "running",
            "timeouts": {
              "create": "10m",
              "delete": null,
              "update": null
            },
            "zone": "ru-central1-d"
          },
          "sensitive_attributes": [],
          "private": "eyJlMmJmYjczMC1lY2FhLTExZTYtOGY4OC0zNDM2M2JjN2M0YzAiOnsiY3JlYXRlIjo2MDAwMDAwMDAwMDAsImRlbGV0ZSI6MzAwMDAwMDAwMDAwLCJ1cGRhdGUiOjMwMDAwMDAwMDAwMH0sInNjaGVtYV92ZXJzaW9uIjoiMSJ9",
          "dependencies": [
            "yandex_vpc_gateway.nat_gateway",
            "yandex_vpc_network.network-diplom",
            "yandex_vpc_route_table.route_table",
            "yandex_vpc_security_group.ssh-access-local",
            "yandex_vpc_security_group.zabbix-sg",
            "yandex_vpc_subnet.private-3"
          ]
        }
      ]
    },
    {
      "mode": "managed",
      "type": "yandex_compute_snapshot_schedule",
      "name": "snapshots",
      "provider": "provider[\"registry.terraform.io/yandex-cloud/yandex\"]",
      "instances": [
        {
          "schema_version": 0,
          "attributes": {
            "created_at": "2025-02-03T22:56:28Z",
            "description": "",
            "disk_ids": [
              "epdqsv4u8emmf68t8fbv",
              "fhm2q6uj7cint9jn8bi0",
              "fv4374o0k77etf2spol1",
              "fv47krt69gmms8hdt6l3",
              "fv4d1isu15o11h9fajuv",
              "fv4pafaoh98a7ear37la"
            ],
            "folder_id": "b1g7v0tu61510bbhav6e",
            "id": "fd8jieje7lftd3166o18",
            "labels": null,
            "name": "snapshots",
            "retention_period": "",
            "schedule_policy": [
              {
                "expression": "0 15 ? * *",
                "start_at": "1970-01-01T00:00:00Z"
              }
            ],
            "snapshot_count": 7,
            "snapshot_spec": [
              {
                "description": "daily-snapshot",
                "labels": null
              }
            ],
            "status": "active",
            "timeouts": null
          },
          "sensitive_attributes": [],
          "private": "eyJlMmJmYjczMC1lY2FhLTExZTYtOGY4OC0zNDM2M2JjN2M0YzAiOnsiY3JlYXRlIjozMDAwMDAwMDAwMDAsImRlbGV0ZSI6MzAwMDAwMDAwMDAwLCJ1cGRhdGUiOjMwMDAwMDAwMDAwMH19",
          "dependencies": [
            "yandex_compute_instance.bastion-vm",
            "yandex_compute_instance.elasticsearch-vm",
            "yandex_compute_instance.kibana-vm",
            "yandex_compute_instance.web-vm-1",
            "yandex_compute_instance.web-vm-2",
            "yandex_compute_instance.zabbix-vm",
            "yandex_vpc_gateway.nat_gateway",
            "yandex_vpc_network.network-diplom",
            "yandex_vpc_route_table.route_table",
            "yandex_vpc_security_group.elasticsearch-sg",
            "yandex_vpc_security_group.filebeat-sg",
            "yandex_vpc_security_group.kibana-sg",
            "yandex_vpc_security_group.nginx-sg",
            "yandex_vpc_security_group.ssh-access",
            "yandex_vpc_security_group.ssh-access-local",
            "yandex_vpc_security_group.zabbix-sg",
            "yandex_vpc_subnet.private-1",
            "yandex_vpc_subnet.private-2",
            "yandex_vpc_subnet.private-3",
            "yandex_vpc_subnet.public-subnet"
          ]
        }
      ]
    },
    {
      "mode": "managed",
      "type": "yandex_vpc_gateway",
      "name": "nat_gateway",
      "provider": "provider[\"registry.terraform.io/yandex-cloud/yandex\"]",
      "instances": [
        {
          "schema_version": 0,
          "attributes": {
            "created_at": "2025-02-03T22:38:58Z",
            "description": "",
            "folder_id": "b1g7v0tu61510bbhav6e",
            "id": "enpkq1m2ams5i324ssl6",
            "labels": {},
            "name": "gateway",
            "shared_egress_gateway": [
              {}
            ],
            "timeouts": null
          },
          "sensitive_attributes": [],
          "private": "eyJlMmJmYjczMC1lY2FhLTExZTYtOGY4OC0zNDM2M2JjN2M0YzAiOnsiY3JlYXRlIjo2MDAwMDAwMDAwMCwiZGVsZXRlIjo2MDAwMDAwMDAwMCwidXBkYXRlIjo2MDAwMDAwMDAwMH19"
        }
      ]
    },
    {
      "mode": "managed",
      "type": "yandex_vpc_network",
      "name": "network-diplom",
      "provider": "provider[\"registry.terraform.io/yandex-cloud/yandex\"]",
      "instances": [
        {
          "schema_version": 0,
          "attributes": {
            "created_at": "2025-02-03T22:38:58Z",
            "default_security_group_id": "enpdb6vtdkdqkplqic11",
            "description": "diplom",
            "folder_id": "b1g7v0tu61510bbhav6e",
            "id": "enp1vov9rq16geeaj8rl",
            "labels": {},
            "name": "network-diplom",
            "subnet_ids": [
              "e2lsevjnfs3hrk4rtaj9",
              "e9b81ud1s29ok884l734"
            ],
            "timeouts": null
          },
          "sensitive_attributes": [],
          "private": "eyJlMmJmYjczMC1lY2FhLTExZTYtOGY4OC0zNDM2M2JjN2M0YzAiOnsiY3JlYXRlIjo2MDAwMDAwMDAwMCwiZGVsZXRlIjo2MDAwMDAwMDAwMCwidXBkYXRlIjo2MDAwMDAwMDAwMH19"
        }
      ]
    },
    {
      "mode": "managed",
      "type": "yandex_vpc_route_table",
      "name": "route_table",
      "provider": "provider[\"registry.terraform.io/yandex-cloud/yandex\"]",
      "instances": [
        {
          "schema_version": 0,
          "attributes": {
            "created_at": "2025-02-03T22:39:01Z",
            "description": "",
            "folder_id": "b1g7v0tu61510bbhav6e",
            "id": "enpfj22tqp99h65t2si1",
            "labels": {},
            "name": "",
            "network_id": "enp1vov9rq16geeaj8rl",
            "static_route": [
              {
                "destination_prefix": "0.0.0.0/0",
                "gateway_id": "enpkq1m2ams5i324ssl6",
                "next_hop_address": ""
              }
            ],
            "timeouts": null
          },
          "sensitive_attributes": [],
          "private": "eyJlMmJmYjczMC1lY2FhLTExZTYtOGY4OC0zNDM2M2JjN2M0YzAiOnsiY3JlYXRlIjoxODAwMDAwMDAwMDAsImRlbGV0ZSI6MTgwMDAwMDAwMDAwLCJ1cGRhdGUiOjE4MDAwMDAwMDAwMH19",
          "dependencies": [
            "yandex_vpc_gateway.nat_gateway",
            "yandex_vpc_network.network-diplom"
          ]
        }
      ]
    },
    {
      "mode": "managed",
      "type": "yandex_vpc_security_group",
      "name": "balancer-sg",
      "provider": "provider[\"registry.terraform.io/yandex-cloud/yandex\"]",
      "instances": [
        {
          "schema_version": 0,
          "attributes": {
            "created_at": "2025-02-03T22:39:03Z",
            "description": "",
            "egress": [
              {
                "description": "any",
                "from_port": -1,
                "id": "enpo668dpf547nrsargg",
                "labels": {},
                "port": -1,
                "predefined_target": "",
                "protocol": "ANY",
                "security_group_id": "",
                "to_port": -1,
                "v4_cidr_blocks": [
                  "0.0.0.0/0"
                ],
                "v6_cidr_blocks": []
              }
            ],
            "folder_id": "b1g7v0tu61510bbhav6e",
            "id": "enp14m2i2ssp7vvro2l7",
            "ingress": [
              {
                "description": "ext-http",
                "from_port": -1,
                "id": "enp4e2qd0uegmp1sscdi",
                "labels": {},
                "port": 80,
                "predefined_target": "",
                "protocol": "TCP",
                "security_group_id": "",
                "to_port": -1,
                "v4_cidr_blocks": [
                  "0.0.0.0/0"
                ],
                "v6_cidr_blocks": []
              },
              {
                "description": "healthchecks",
                "from_port": -1,
                "id": "enpposmn07m446dscovc",
                "labels": {},
                "port": 30080,
                "predefined_target": "loadbalancer_healthchecks",
                "protocol": "TCP",
                "security_group_id": "",
                "to_port": -1,
                "v4_cidr_blocks": [],
                "v6_cidr_blocks": []
              }
            ],
            "labels": {},
            "name": "balancer-sg",
            "network_id": "enp1vov9rq16geeaj8rl",
            "status": "ACTIVE",
            "timeouts": null
          },
          "sensitive_attributes": [],
          "private": "eyJlMmJmYjczMC1lY2FhLTExZTYtOGY4OC0zNDM2M2JjN2M0YzAiOnsiY3JlYXRlIjoxODAwMDAwMDAwMDAsImRlbGV0ZSI6MTgwMDAwMDAwMDAwLCJ1cGRhdGUiOjE4MDAwMDAwMDAwMH19",
          "dependencies": [
            "yandex_vpc_network.network-diplom"
          ]
        }
      ]
    },
    {
      "mode": "managed",
      "type": "yandex_vpc_security_group",
      "name": "elasticsearch-sg",
      "provider": "provider[\"registry.terraform.io/yandex-cloud/yandex\"]",
      "instances": [
        {
          "schema_version": 0,
          "attributes": {
            "created_at": "2025-02-03T22:39:05Z",
            "description": "",
            "egress": [
              {
                "description": "",
                "from_port": -1,
                "id": "enp790s3dp77th3ks9mh",
                "labels": {},
                "port": 9200,
                "predefined_target": "",
                "protocol": "TCP",
                "security_group_id": "",
                "to_port": -1,
                "v4_cidr_blocks": [
                  "10.1.1.0/24",
                  "10.2.1.0/24",
                  "10.3.1.0/24",
                  "10.4.1.0/24"
                ],
                "v6_cidr_blocks": []
              },
              {
                "description": "",
                "from_port": -1,
                "id": "enpnt45ko90t7nfo84pj",
                "labels": {},
                "port": 10050,
                "predefined_target": "",
                "protocol": "ANY",
                "security_group_id": "",
                "to_port": -1,
                "v4_cidr_blocks": [
                  "0.0.0.0/0"
                ],
                "v6_cidr_blocks": []
              }
            ],
            "folder_id": "b1g7v0tu61510bbhav6e",
            "id": "enp193vtdrf0tlust3an",
            "ingress": [
              {
                "description": "",
                "from_port": -1,
                "id": "enpng589bmqjgr2b17bl",
                "labels": {},
                "port": 10050,
                "predefined_target": "",
                "protocol": "ANY",
                "security_group_id": "",
                "to_port": -1,
                "v4_cidr_blocks": [
                  "0.0.0.0/0"
                ],
                "v6_cidr_blocks": []
              },
              {
                "description": "",
                "from_port": -1,
                "id": "enpv6shp4ttcpq7mt4uj",
                "labels": {},
                "port": 9200,
                "predefined_target": "",
                "protocol": "TCP",
                "security_group_id": "",
                "to_port": -1,
                "v4_cidr_blocks": [
                  "10.1.1.0/24",
                  "10.2.1.0/24",
                  "10.3.1.0/24",
                  "10.4.1.0/24"
                ],
                "v6_cidr_blocks": []
              }
            ],
            "labels": {},
            "name": "elasticsearch-sg",
            "network_id": "enp1vov9rq16geeaj8rl",
            "status": "ACTIVE",
            "timeouts": null
          },
          "sensitive_attributes": [],
          "private": "eyJlMmJmYjczMC1lY2FhLTExZTYtOGY4OC0zNDM2M2JjN2M0YzAiOnsiY3JlYXRlIjoxODAwMDAwMDAwMDAsImRlbGV0ZSI6MTgwMDAwMDAwMDAwLCJ1cGRhdGUiOjE4MDAwMDAwMDAwMH19",
          "dependencies": [
            "yandex_vpc_network.network-diplom"
          ]
        }
      ]
    },
    {
      "mode": "managed",
      "type": "yandex_vpc_security_group",
      "name": "filebeat-sg",
      "provider": "provider[\"registry.terraform.io/yandex-cloud/yandex\"]",
      "instances": [
        {
          "schema_version": 0,
          "attributes": {
            "created_at": "2025-02-03T22:55:19Z",
            "description": "",
            "egress": [
              {
                "description": "",
                "from_port": -1,
                "id": "enpngiaqavtghjvo365a",
                "labels": {},
                "port": 5044,
                "predefined_target": "",
                "protocol": "TCP",
                "security_group_id": "",
                "to_port": -1,
                "v4_cidr_blocks": [
                  "10.1.1.0/24",
                  "10.2.1.0/24",
                  "10.3.1.0/24",
                  "10.4.1.0/24"
                ],
                "v6_cidr_blocks": []
              }
            ],
            "folder_id": "b1g7v0tu61510bbhav6e",
            "id": "enp9uf2pke68g2md4qo2",
            "ingress": [
              {
                "description": "",
                "from_port": -1,
                "id": "enp8fp4nt8romvvc3ahc",
                "labels": {},
                "port": 5044,
                "predefined_target": "",
                "protocol": "TCP",
                "security_group_id": "",
                "to_port": -1,
                "v4_cidr_blocks": [
                  "10.1.1.0/24",
                  "10.2.1.0/24",
                  "10.3.1.0/24",
                  "10.4.1.0/24"
                ],
                "v6_cidr_blocks": []
              }
            ],
            "labels": {},
            "name": "filebeat-service",
            "network_id": "enp1vov9rq16geeaj8rl",
            "status": "ACTIVE",
            "timeouts": null
          },
          "sensitive_attributes": [],
          "private": "eyJlMmJmYjczMC1lY2FhLTExZTYtOGY4OC0zNDM2M2JjN2M0YzAiOnsiY3JlYXRlIjoxODAwMDAwMDAwMDAsImRlbGV0ZSI6MTgwMDAwMDAwMDAwLCJ1cGRhdGUiOjE4MDAwMDAwMDAwMH19",
          "dependencies": [
            "yandex_vpc_network.network-diplom"
          ]
        }
      ]
    },
    {
      "mode": "managed",
      "type": "yandex_vpc_security_group",
      "name": "kibana-sg",
      "provider": "provider[\"registry.terraform.io/yandex-cloud/yandex\"]",
      "instances": [
        {
          "schema_version": 0,
          "attributes": {
            "created_at": "2025-02-03T22:39:14Z",
            "description": "",
            "egress": [
              {
                "description": "",
                "from_port": -1,
                "id": "enp3m40pn1mqedqsind0",
                "labels": {},
                "port": 10050,
                "predefined_target": "",
                "protocol": "ANY",
                "security_group_id": "",
                "to_port": -1,
                "v4_cidr_blocks": [
                  "0.0.0.0/0"
                ],
                "v6_cidr_blocks": []
              },
              {
                "description": "",
                "from_port": -1,
                "id": "enpdd6rqf9d8ger70rsf",
                "labels": {},
                "port": 5601,
                "predefined_target": "",
                "protocol": "TCP",
                "security_group_id": "",
                "to_port": -1,
                "v4_cidr_blocks": [
                  "0.0.0.0/0"
                ],
                "v6_cidr_blocks": []
              }
            ],
            "folder_id": "b1g7v0tu61510bbhav6e",
            "id": "enpf5ehn5hcqaste8pn5",
            "ingress": [
              {
                "description": "",
                "from_port": -1,
                "id": "enp2mh3pbkg54tsldvr9",
                "labels": {},
                "port": 10050,
                "predefined_target": "",
                "protocol": "ANY",
                "security_group_id": "",
                "to_port": -1,
                "v4_cidr_blocks": [
                  "0.0.0.0/0"
                ],
                "v6_cidr_blocks": []
              },
              {
                "description": "",
                "from_port": -1,
                "id": "enpp6h62csdfi12fm61s",
                "labels": {},
                "port": 5601,
                "predefined_target": "",
                "protocol": "TCP",
                "security_group_id": "",
                "to_port": -1,
                "v4_cidr_blocks": [
                  "0.0.0.0/0"
                ],
                "v6_cidr_blocks": []
              }
            ],
            "labels": {},
            "name": "kibana-sg",
            "network_id": "enp1vov9rq16geeaj8rl",
            "status": "ACTIVE",
            "timeouts": null
          },
          "sensitive_attributes": [],
          "private": "eyJlMmJmYjczMC1lY2FhLTExZTYtOGY4OC0zNDM2M2JjN2M0YzAiOnsiY3JlYXRlIjoxODAwMDAwMDAwMDAsImRlbGV0ZSI6MTgwMDAwMDAwMDAwLCJ1cGRhdGUiOjE4MDAwMDAwMDAwMH19",
          "dependencies": [
            "yandex_vpc_network.network-diplom"
          ]
        }
      ]
    },
    {
      "mode": "managed",
      "type": "yandex_vpc_security_group",
      "name": "nginx-sg",
      "provider": "provider[\"registry.terraform.io/yandex-cloud/yandex\"]",
      "instances": [
        {
          "schema_version": 0,
          "attributes": {
            "created_at": "2025-02-03T22:39:17Z",
            "description": "",
            "egress": [
              {
                "description": "",
                "from_port": -1,
                "id": "enp3l16ulmdo0je1em34",
                "labels": {},
                "port": 10050,
                "predefined_target": "",
                "protocol": "ANY",
                "security_group_id": "",
                "to_port": -1,
                "v4_cidr_blocks": [
                  "0.0.0.0/0"
                ],
                "v6_cidr_blocks": []
              },
              {
                "description": "",
                "from_port": -1,
                "id": "enpaan079bgee1tbpmh6",
                "labels": {},
                "port": 80,
                "predefined_target": "",
                "protocol": "ANY",
                "security_group_id": "",
                "to_port": -1,
                "v4_cidr_blocks": [
                  "0.0.0.0/0"
                ],
                "v6_cidr_blocks": []
              }
            ],
            "folder_id": "b1g7v0tu61510bbhav6e",
            "id": "enpjnop7k70n0do2afhu",
            "ingress": [
              {
                "description": "",
                "from_port": -1,
                "id": "enp8c89uaj1ohfh0nhkm",
                "labels": {},
                "port": 10050,
                "predefined_target": "",
                "protocol": "ANY",
                "security_group_id": "",
                "to_port": -1,
                "v4_cidr_blocks": [
                  "0.0.0.0/0"
                ],
                "v6_cidr_blocks": []
              },
              {
                "description": "",
                "from_port": -1,
                "id": "enpam5t5qcinhbgs1mbn",
                "labels": {},
                "port": 80,
                "predefined_target": "",
                "protocol": "ANY",
                "security_group_id": "",
                "to_port": -1,
                "v4_cidr_blocks": [
                  "0.0.0.0/0"
                ],
                "v6_cidr_blocks": []
              }
            ],
            "labels": {},
            "name": "nginx-sg",
            "network_id": "enp1vov9rq16geeaj8rl",
            "status": "ACTIVE",
            "timeouts": null
          },
          "sensitive_attributes": [],
          "private": "eyJlMmJmYjczMC1lY2FhLTExZTYtOGY4OC0zNDM2M2JjN2M0YzAiOnsiY3JlYXRlIjoxODAwMDAwMDAwMDAsImRlbGV0ZSI6MTgwMDAwMDAwMDAwLCJ1cGRhdGUiOjE4MDAwMDAwMDAwMH19",
          "dependencies": [
            "yandex_vpc_network.network-diplom"
          ]
        }
      ]
    },
    {
      "mode": "managed",
      "type": "yandex_vpc_security_group",
      "name": "ssh-access",
      "provider": "provider[\"registry.terraform.io/yandex-cloud/yandex\"]",
      "instances": [
        {
          "schema_version": 0,
          "attributes": {
            "created_at": "2025-02-03T22:39:12Z",
            "description": "",
            "egress": [
              {
                "description": "",
                "from_port": -1,
                "id": "enpk3duraf4q30719k9d",
                "labels": {},
                "port": 22,
                "predefined_target": "",
                "protocol": "TCP",
                "security_group_id": "enpdsdi938o0glhqicbm",
                "to_port": -1,
                "v4_cidr_blocks": [],
                "v6_cidr_blocks": []
              },
              {
                "description": "",
                "from_port": 0,
                "id": "enppkf35ci9lkt83t5ug",
                "labels": {},
                "port": -1,
                "predefined_target": "",
                "protocol": "ANY",
                "security_group_id": "",
                "to_port": 65535,
                "v4_cidr_blocks": [
                  "0.0.0.0/0"
                ],
                "v6_cidr_blocks": []
              }
            ],
            "folder_id": "b1g7v0tu61510bbhav6e",
            "id": "enpvsidlqn8240394458",
            "ingress": [
              {
                "description": "",
                "from_port": -1,
                "id": "enp6qa2trauelb78up96",
                "labels": {},
                "port": 22,
                "predefined_target": "",
                "protocol": "TCP",
                "security_group_id": "",
                "to_port": -1,
                "v4_cidr_blocks": [
                  "0.0.0.0/0"
                ],
                "v6_cidr_blocks": []
              },
              {
                "description": "",
                "from_port": -1,
                "id": "enpmvkkd9u564jelp982",
                "labels": {},
                "port": 22,
                "predefined_target": "",
                "protocol": "TCP",
                "security_group_id": "enpdsdi938o0glhqicbm",
                "to_port": -1,
                "v4_cidr_blocks": [],
                "v6_cidr_blocks": []
              }
            ],
            "labels": {},
            "name": "ssh-access",
            "network_id": "enp1vov9rq16geeaj8rl",
            "status": "ACTIVE",
            "timeouts": null
          },
          "sensitive_attributes": [],
          "private": "eyJlMmJmYjczMC1lY2FhLTExZTYtOGY4OC0zNDM2M2JjN2M0YzAiOnsiY3JlYXRlIjoxODAwMDAwMDAwMDAsImRlbGV0ZSI6MTgwMDAwMDAwMDAwLCJ1cGRhdGUiOjE4MDAwMDAwMDAwMH19",
          "dependencies": [
            "yandex_vpc_network.network-diplom",
            "yandex_vpc_security_group.ssh-access-local"
          ]
        }
      ]
    },
    {
      "mode": "managed",
      "type": "yandex_vpc_security_group",
      "name": "ssh-access-local",
      "provider": "provider[\"registry.terraform.io/yandex-cloud/yandex\"]",
      "instances": [
        {
          "schema_version": 0,
          "attributes": {
            "created_at": "2025-02-03T22:39:10Z",
            "description": "",
            "egress": [
              {
                "description": "",
                "from_port": -1,
                "id": "enp61tkavr7am63sg0lt",
                "labels": {},
                "port": 22,
                "predefined_target": "",
                "protocol": "TCP",
                "security_group_id": "",
                "to_port": -1,
                "v4_cidr_blocks": [
                  "10.1.1.0/24",
                  "10.2.1.0/24",
                  "10.3.1.0/24",
                  "10.4.1.0/24"
                ],
                "v6_cidr_blocks": []
              },
              {
                "description": "",
                "from_port": 0,
                "id": "enp275et9sb5v4eej0r9",
                "labels": {},
                "port": -1,
                "predefined_target": "",
                "protocol": "ANY",
                "security_group_id": "",
                "to_port": 65535,
                "v4_cidr_blocks": [
                  "0.0.0.0/0"
                ],
                "v6_cidr_blocks": []
              }
            ],
            "folder_id": "b1g7v0tu61510bbhav6e",
            "id": "enpdsdi938o0glhqicbm",
            "ingress": [
              {
                "description": "",
                "from_port": -1,
                "id": "enp4acfivi6oq6p6ndhb",
                "labels": {},
                "port": 22,
                "predefined_target": "",
                "protocol": "TCP",
                "security_group_id": "",
                "to_port": -1,
                "v4_cidr_blocks": [
                  "10.1.1.0/24",
                  "10.2.1.0/24",
                  "10.3.1.0/24",
                  "10.4.1.0/24"
                ],
                "v6_cidr_blocks": []
              }
            ],
            "labels": {},
            "name": "ssh-access-local",
            "network_id": "enp1vov9rq16geeaj8rl",
            "status": "ACTIVE",
            "timeouts": null
          },
          "sensitive_attributes": [],
          "private": "eyJlMmJmYjczMC1lY2FhLTExZTYtOGY4OC0zNDM2M2JjN2M0YzAiOnsiY3JlYXRlIjoxODAwMDAwMDAwMDAsImRlbGV0ZSI6MTgwMDAwMDAwMDAwLCJ1cGRhdGUiOjE4MDAwMDAwMDAwMH19",
          "dependencies": [
            "yandex_vpc_network.network-diplom"
          ]
        }
      ]
    },
    {
      "mode": "managed",
      "type": "yandex_vpc_security_group",
      "name": "zabbix-sg",
      "provider": "provider[\"registry.terraform.io/yandex-cloud/yandex\"]",
      "instances": [
        {
          "schema_version": 0,
          "attributes": {
            "created_at": "2025-02-03T22:39:07Z",
            "description": "",
            "egress": [
              {
                "description": "",
                "from_port": -1,
                "id": "enpa738kcg2kan8t3ggs",
                "labels": {},
                "port": 8080,
                "predefined_target": "",
                "protocol": "TCP",
                "security_group_id": "",
                "to_port": -1,
                "v4_cidr_blocks": [
                  "0.0.0.0/0"
                ],
                "v6_cidr_blocks": []
              },
              {
                "description": "",
                "from_port": -1,
                "id": "enphumujeg3qqakji0ql",
                "labels": {},
                "port": 10051,
                "predefined_target": "",
                "protocol": "TCP",
                "security_group_id": "",
                "to_port": -1,
                "v4_cidr_blocks": [
                  "10.1.1.0/24",
                  "10.2.1.0/24",
                  "10.3.1.0/24",
                  "10.4.1.0/24"
                ],
                "v6_cidr_blocks": []
              },
              {
                "description": "",
                "from_port": -1,
                "id": "enpuske3mo23pe2gbt9t",
                "labels": {},
                "port": 10050,
                "predefined_target": "",
                "protocol": "TCP",
                "security_group_id": "",
                "to_port": -1,
                "v4_cidr_blocks": [
                  "10.1.1.0/24",
                  "10.2.1.0/24",
                  "10.3.1.0/24",
                  "10.4.1.0/24"
                ],
                "v6_cidr_blocks": []
              }
            ],
            "folder_id": "b1g7v0tu61510bbhav6e",
            "id": "enpcao05007qlq28ob8m",
            "ingress": [
              {
                "description": "",
                "from_port": -1,
                "id": "enp0gkp9rb4ttdejog2h",
                "labels": {},
                "port": 10050,
                "predefined_target": "",
                "protocol": "TCP",
                "security_group_id": "",
                "to_port": -1,
                "v4_cidr_blocks": [
                  "10.1.1.0/24",
                  "10.2.1.0/24",
                  "10.3.1.0/24",
                  "10.4.1.0/24"
                ],
                "v6_cidr_blocks": []
              },
              {
                "description": "",
                "from_port": -1,
                "id": "enp7l0qqgplqebpdbt71",
                "labels": {},
                "port": 10051,
                "predefined_target": "",
                "protocol": "TCP",
                "security_group_id": "",
                "to_port": -1,
                "v4_cidr_blocks": [
                  "10.1.1.0/24",
                  "10.2.1.0/24",
                  "10.3.1.0/24",
                  "10.4.1.0/24"
                ],
                "v6_cidr_blocks": []
              },
              {
                "description": "",
                "from_port": -1,
                "id": "enplb4c1u1bkoq5kdebb",
                "labels": {},
                "port": 8080,
                "predefined_target": "",
                "protocol": "TCP",
                "security_group_id": "",
                "to_port": -1,
                "v4_cidr_blocks": [
                  "0.0.0.0/0"
                ],
                "v6_cidr_blocks": []
              }
            ],
            "labels": {},
            "name": "zabbix-sg",
            "network_id": "enp1vov9rq16geeaj8rl",
            "status": "ACTIVE",
            "timeouts": null
          },
          "sensitive_attributes": [],
          "private": "eyJlMmJmYjczMC1lY2FhLTExZTYtOGY4OC0zNDM2M2JjN2M0YzAiOnsiY3JlYXRlIjoxODAwMDAwMDAwMDAsImRlbGV0ZSI6MTgwMDAwMDAwMDAwLCJ1cGRhdGUiOjE4MDAwMDAwMDAwMH19",
          "dependencies": [
            "yandex_vpc_network.network-diplom"
          ]
        }
      ]
    },
    {
      "mode": "managed",
      "type": "yandex_vpc_subnet",
      "name": "private-1",
      "provider": "provider[\"registry.terraform.io/yandex-cloud/yandex\"]",
      "instances": [
        {
          "schema_version": 0,
          "attributes": {
            "created_at": "2025-02-03T22:39:02Z",
            "description": "subnet-1",
            "dhcp_options": [],
            "folder_id": "b1g7v0tu61510bbhav6e",
            "id": "e9b81ud1s29ok884l734",
            "labels": {},
            "name": "private-1",
            "network_id": "enp1vov9rq16geeaj8rl",
            "route_table_id": "enpfj22tqp99h65t2si1",
            "timeouts": null,
            "v4_cidr_blocks": [
              "10.1.1.0/24"
            ],
            "v6_cidr_blocks": [],
            "zone": "ru-central1-a"
          },
          "sensitive_attributes": [],
          "private": "eyJlMmJmYjczMC1lY2FhLTExZTYtOGY4OC0zNDM2M2JjN2M0YzAiOnsiY3JlYXRlIjoxODAwMDAwMDAwMDAsImRlbGV0ZSI6MTgwMDAwMDAwMDAwLCJ1cGRhdGUiOjE4MDAwMDAwMDAwMH19",
          "dependencies": [
            "yandex_vpc_gateway.nat_gateway",
            "yandex_vpc_network.network-diplom",
            "yandex_vpc_route_table.route_table"
          ]
        }
      ]
    },
    {
      "mode": "managed",
      "type": "yandex_vpc_subnet",
      "name": "private-2",
      "provider": "provider[\"registry.terraform.io/yandex-cloud/yandex\"]",
      "instances": [
        {
          "schema_version": 0,
          "attributes": {
            "created_at": "2025-02-03T22:39:02Z",
            "description": "subnet-2",
            "dhcp_options": [],
            "folder_id": "b1g7v0tu61510bbhav6e",
            "id": "e2lsevjnfs3hrk4rtaj9",
            "labels": {},
            "name": "private-2",
            "network_id": "enp1vov9rq16geeaj8rl",
            "route_table_id": "enpfj22tqp99h65t2si1",
            "timeouts": null,
            "v4_cidr_blocks": [
              "10.2.1.0/24"
            ],
            "v6_cidr_blocks": [],
            "zone": "ru-central1-b"
          },
          "sensitive_attributes": [],
          "private": "eyJlMmJmYjczMC1lY2FhLTExZTYtOGY4OC0zNDM2M2JjN2M0YzAiOnsiY3JlYXRlIjoxODAwMDAwMDAwMDAsImRlbGV0ZSI6MTgwMDAwMDAwMDAwLCJ1cGRhdGUiOjE4MDAwMDAwMDAwMH19",
          "dependencies": [
            "yandex_vpc_gateway.nat_gateway",
            "yandex_vpc_network.network-diplom",
            "yandex_vpc_route_table.route_table"
          ]
        }
      ]
    },
    {
      "mode": "managed",
      "type": "yandex_vpc_subnet",
      "name": "private-3",
      "provider": "provider[\"registry.terraform.io/yandex-cloud/yandex\"]",
      "instances": [
        {
          "schema_version": 0,
          "attributes": {
            "created_at": "2025-02-03T22:55:19Z",
            "description": "subnet services",
            "dhcp_options": [],
            "folder_id": "b1g7v0tu61510bbhav6e",
            "id": "fl8f9uhegslhven0n9v1",
            "labels": {},
            "name": "private-3",
            "network_id": "enp1vov9rq16geeaj8rl",
            "route_table_id": "enpfj22tqp99h65t2si1",
            "timeouts": null,
            "v4_cidr_blocks": [
              "10.3.1.0/24"
            ],
            "v6_cidr_blocks": [],
            "zone": "ru-central1-d"
          },
          "sensitive_attributes": [],
          "private": "eyJlMmJmYjczMC1lY2FhLTExZTYtOGY4OC0zNDM2M2JjN2M0YzAiOnsiY3JlYXRlIjoxODAwMDAwMDAwMDAsImRlbGV0ZSI6MTgwMDAwMDAwMDAwLCJ1cGRhdGUiOjE4MDAwMDAwMDAwMH19",
          "dependencies": [
            "yandex_vpc_gateway.nat_gateway",
            "yandex_vpc_network.network-diplom",
            "yandex_vpc_route_table.route_table"
          ]
        }
      ]
    },
    {
      "mode": "managed",
      "type": "yandex_vpc_subnet",
      "name": "public-subnet",
      "provider": "provider[\"registry.terraform.io/yandex-cloud/yandex\"]",
      "instances": [
        {
          "schema_version": 0,
          "attributes": {
            "created_at": "2025-02-03T22:55:17Z",
            "description": "subnet bastion",
            "dhcp_options": [],
            "folder_id": "b1g7v0tu61510bbhav6e",
            "id": "fl8cgfuanjl3v3898pll",
            "labels": {},
            "name": "public-subnet",
            "network_id": "enp1vov9rq16geeaj8rl",
            "route_table_id": "",
            "timeouts": null,
            "v4_cidr_blocks": [
              "10.4.1.0/24"
            ],
            "v6_cidr_blocks": [],
            "zone": "ru-central1-d"
          },
          "sensitive_attributes": [],
          "private": "eyJlMmJmYjczMC1lY2FhLTExZTYtOGY4OC0zNDM2M2JjN2M0YzAiOnsiY3JlYXRlIjoxODAwMDAwMDAwMDAsImRlbGV0ZSI6MTgwMDAwMDAwMDAwLCJ1cGRhdGUiOjE4MDAwMDAwMDAwMH19",
          "dependencies": [
            "yandex_vpc_network.network-diplom"
          ]
        }
      ]
    }
  ],
  "check_results": null
}
